
Microsoft Visual Studio Solution File, Format Version 12.00
# Visual Studio Version 17
VisualStudioVersion = 17.4.33213.308
MinimumVisualStudioVersion = 10.0.40219.1
Project("{FAE04EC0-301F-11D3-BF4B-00C04F79EFBC}") = "Exercicio Vetores Udemy", "Exercicio Vetores Udemy\Exercicio Vetores Udemy.csproj", "{9C652C8F-E349-44C1-89DE-C9C86FF7C5B9}"
EndProject
Global
	GlobalSection(SolutionConfigurationPlatforms) = preSolution
		Debug|Any CPU = Debug|Any CPU
		Release|Any CPU = Release|Any CPU
	EndGlobalSection
	GlobalSection(ProjectConfigurationPlatforms) = postSolution
		{9C652C8F-E349-44C1-89DE-C9C86FF7C5B9}.Debug|Any CPU.ActiveCfg = Debug|Any CPU
		{9C652C8F-E349-44C1-89DE-C9C86FF7C5B9}.Debug|Any CPU.Build.0 = Debug|Any CPU
		{9C652C8F-E349-44C1-89DE-C9C86FF7C5B9}.Release|Any CPU.ActiveCfg = Release|Any CPU
		{9C652C8F-E349-44C1-89DE-C9C86FF7C5B9}.Release|Any CPU.Build.0 = Release|Any CPU
	EndGlobalSection
	GlobalSection(SolutionProperties) = preSolution
		HideSolutionNode = FALSE
	EndGlobalSection
	GlobalSection(ExtensibilityGlobals) = postSolution
		SolutionGuid = {F2044F00-764F-4CF2-AA7B-B4070F7AF120}
	EndGlobalSection
EndGlobal
